
Microsoft Visual Studio Solution File, Format Version 12.00
# Visual Studio Version 16
VisualStudioVersion = 16.0.30114.105
MinimumVisualStudioVersion = 10.0.40219.1
Project("{FAE04EC0-301F-11D3-BF4B-00C04F79EFBC}") = "Recipie planner", "Recipie planner.csproj", "{4E3420EE-8EBD-4F55-B73B-F2B37C3DE1DA}"
EndProject
Global
	GlobalSection(SolutionConfigurationPlatforms) = preSolution
		Debug|Any CPU = Debug|Any CPU
		Release|Any CPU = Release|Any CPU
	EndGlobalSection
	GlobalSection(ProjectConfigurationPlatforms) = postSolution
		{4E3420EE-8EBD-4F55-B73B-F2B37C3DE1DA}.Debug|Any CPU.ActiveCfg = Debug|Any CPU
		{4E3420EE-8EBD-4F55-B73B-F2B37C3DE1DA}.Debug|Any CPU.Build.0 = Debug|Any CPU
		{4E3420EE-8EBD-4F55-B73B-F2B37C3DE1DA}.Release|Any CPU.ActiveCfg = Release|Any CPU
		{4E3420EE-8EBD-4F55-B73B-F2B37C3DE1DA}.Release|Any CPU.Build.0 = Release|Any CPU
	EndGlobalSection
	GlobalSection(SolutionProperties) = preSolution
		HideSolutionNode = FALSE
	EndGlobalSection
	GlobalSection(ExtensibilityGlobals) = postSolution
		SolutionGuid = {2901CF0A-BCE8-43EA-9E7E-66AD52883E09}
	EndGlobalSection
EndGlobal
